
Microsoft Visual Studio Solution File, Format Version 12.00
# Visual Studio Version 16
VisualStudioVersion = 16.0.28803.156
MinimumVisualStudioVersion = 10.0.40219.1
Project("{FAE04EC0-301F-11D3-BF4B-00C04F79EFBC}") = "NetConsole", "NetConsole.csproj", "{BA957ADE-2106-44D6-8ED6-280A489ABF5A}"
EndProject
Global
	GlobalSection(SolutionConfigurationPlatforms) = preSolution
		Debug|Any CPU = Debug|Any CPU
		Release|Any CPU = Release|Any CPU
	EndGlobalSection
	GlobalSection(ProjectConfigurationPlatforms) = postSolution
		{BA957ADE-2106-44D6-8ED6-280A489ABF5A}.Debug|Any CPU.ActiveCfg = Debug|Any CPU
		{BA957ADE-2106-44D6-8ED6-280A489ABF5A}.Debug|Any CPU.Build.0 = Debug|Any CPU
		{BA957ADE-2106-44D6-8ED6-280A489ABF5A}.Release|Any CPU.ActiveCfg = Release|Any CPU
		{BA957ADE-2106-44D6-8ED6-280A489ABF5A}.Release|Any CPU.Build.0 = Release|Any CPU
	EndGlobalSection
	GlobalSection(SolutionProperties) = preSolution
		HideSolutionNode = FALSE
	EndGlobalSection
	GlobalSection(ExtensibilityGlobals) = postSolution
		SolutionGuid = {47F9F08C-C11E-4FDA-A0F3-F062FB6E8B52}
	EndGlobalSection
EndGlobal
